{
  "name": "enterprise-sso-dashboard",
  "version": "1.0.0",
  "lockfileVersion": 3,
  "requires": true,
  "packages": {
    "": {
      "name": "enterprise-sso-dashboard",
      "version": "1.0.0",
      "dependencies": {
        "jose": "^6.2.8",
        "openid-client": "^6.8.5"
      }
    },
    "node_modules/jose": {
      "version": "6.2.8",
      "resolved": "https://registry.npmjs.org/jose/-/jose-6.2.8.tgz",
      "integrity": "sha512-Bsdjwm3Qsd/P0jR+BHDe3LytDfY7WBq2HmCCLIwuVRHMuEC9ae7/R474GIUdF1NgCyZjzVo/A9DOiOBtXq8ZoQ==",
      "license": "MIT",
      "funding": {
        "url": "https://github.com/sponsors/panva"
      }
    },
    "node_modules/oauth4webapi": {
      "version": "3.8.7",
      "resolved": "https://registry.npmjs.org/oauth4webapi/-/oauth4webapi-3.8.7.tgz",
      "integrity": "sha512-4RxcKxXjuItDFZ20RRPf4YTw3kpeXJyCgJFxVzJ068A7PNJ18st2Dg90tlC1LkSDS0GecroagCLHYEIVUhCAkw==",
      "license": "MIT",
      "funding": {
        "url": "https://github.com/sponsors/panva"
      }
    },
    "node_modules/openid-client": {
      "version": "6.8.5",
      "resolved": "https://registry.npmjs.org/openid-client/-/openid-client-6.8.5.tgz",
      "integrity": "sha512-jNGC/5wnTYwCcEUe2ss0IRUmVRQcgxM0A1nLb3eX/9llqNbMWOQd2xd+qDAgfVCpA5Qh96Y1cdnkfbva6+bSdA==",
      "license": "MIT",
      "dependencies": {
        "jose": "^6.2.8",
        "oauth4webapi": "^3.8.7"
      },
      "funding": {
        "url": "https://github.com/sponsors/panva"
      }
    }
  }
}
